{
  "name": "low-poly",
  "version": "1.0.0",
  "lockfileVersion": 3,
  "requires": true,
  "packages": {
    "": {
      "name": "low-poly",
      "version": "1.0.0",
      "license": "ISC",
      "dependencies": {
        "@gltf-transform/core": "^4.3.0",
        "commander": "^14.0.3",
        "gl-matrix": "^3.4.4",
        "ohm-js": "^17.5.0"
      },
      "devDependencies": {
        "@types/node": "^25.5.2",
        "typescript": "^6.0.2"
      }
    },
    "node_modules/@gltf-transform/core": {
      "version": "4.3.0",
      "resolved": "https://registry.npmjs.org/@gltf-transform/core/-/core-4.3.0.tgz",
      "integrity": "sha512-ZeaQfszGJ9LYwELszu45CuDQCsE26lJNNe36FVmN8xclaT6WDdCj7fwGpQXo0/l/YgAVAHX+uO7YNBW75/SRYw==",
      "license": "MIT",
      "dependencies": {
        "property-graph": "^4.0.0"
      },
      "funding": {
        "url": "https://github.com/sponsors/donmccurdy"
      }
    },
    "node_modules/@types/node": {
      "version": "25.5.2",
      "resolved": "https://registry.npmjs.org/@types/node/-/node-25.5.2.tgz",
      "integrity": "sha512-tO4ZIRKNC+MDWV4qKVZe3Ql/woTnmHDr5JD8UI5hn2pwBrHEwOEMZK7WlNb5RKB6EoJ02gwmQS9OrjuFnZYdpg==",
      "dev": true,
      "license": "MIT",
      "dependencies": {
        "undici-types": "~7.18.0"
      }
    },
    "node_modules/commander": {
      "version": "14.0.3",
      "resolved": "https://registry.npmjs.org/commander/-/commander-14.0.3.tgz",
      "integrity": "sha512-H+y0Jo/T1RZ9qPP4Eh1pkcQcLRglraJaSLoyOtHxu6AapkjWVCy2Sit1QQ4x3Dng8qDlSsZEet7g5Pq06MvTgw==",
      "license": "MIT",
      "engines": {
        "node": ">=20"
      }
    },
    "node_modules/gl-matrix": {
      "version": "3.4.4",
      "resolved": "https://registry.npmjs.org/gl-matrix/-/gl-matrix-3.4.4.tgz",
      "integrity": "sha512-latSnyDNt/8zYUB6VIJ6PCh2jBjJX6gnDsoCZ7LyW7GkqrD51EWwa9qCoGixj8YqBtETQK/xY7OmpTF8xz1DdQ==",
      "license": "MIT"
    },
    "node_modules/ohm-js": {
      "version": "17.5.0",
      "resolved": "https://registry.npmjs.org/ohm-js/-/ohm-js-17.5.0.tgz",
      "integrity": "sha512-l4Sa7026+6jsvYbt0PXKmL+f+ML32fD++IznLgxDhx2t9Cx6NC7zwRqblCujPHGGmkQerHoeBzRutdxaw/S72g==",
      "license": "MIT",
      "engines": {
        "node": ">=0.12.1"
      }
    },
    "node_modules/property-graph": {
      "version": "4.1.0",
      "resolved": "https://registry.npmjs.org/property-graph/-/property-graph-4.1.0.tgz",
      "integrity": "sha512-AvPcP7XECNWy4LGmFQ77k7un4lSKM4eS29PTvW4ck95uYeLxXPWJM7hLuBqK91FaHqCcgJvIUCuNJjjxKE7VKQ==",
      "license": "MIT"
    },
    "node_modules/typescript": {
      "version": "6.0.2",
      "resolved": "https://registry.npmjs.org/typescript/-/typescript-6.0.2.tgz",
      "integrity": "sha512-bGdAIrZ0wiGDo5l8c++HWtbaNCWTS4UTv7RaTH/ThVIgjkveJt83m74bBHMJkuCbslY8ixgLBVZJIOiQlQTjfQ==",
      "dev": true,
      "license": "Apache-2.0",
      "bin": {
        "tsc": "bin/tsc",
        "tsserver": "bin/tsserver"
      },
      "engines": {
        "node": ">=14.17"
      }
    },
    "node_modules/undici-types": {
      "version": "7.18.2",
      "resolved": "https://registry.npmjs.org/undici-types/-/undici-types-7.18.2.tgz",
      "integrity": "sha512-AsuCzffGHJybSaRrmr5eHr81mwJU3kjw6M+uprWvCXiNeN9SOGwQ3Jn8jb8m3Z6izVgknn1R0FTCEAP2QrLY/w==",
      "dev": true,
      "license": "MIT"
    }
  }
}
